// !$*UTF8*$!
{
	archiveVersion = 1;
	classes = {
	};
	objectVersion = 56;
	objects = {

/* Begin PBXBuildFile section */
		4645C5AC2B60E75B0090A169 /* main.cpp in Sources */ = {isa = PBXBuildFile; fileRef = 4645C5AB2B60E75B0090A169 /* main.cpp */; };
		4645C5B82B60EA090090A169 /* create_permutations.cpp in Sources */ = {isa = PBXBuildFile; fileRef = 4645C5B72B60EA090090A169 /* create_permutations.cpp */; };
		4645C5BB2B60EC220090A169 /* LetterScores.cpp in Sources */ = {isa = PBXBuildFile; fileRef = 4645C5BA2B60EC220090A169 /* LetterScores.cpp */; };
		4645C5BD2B60EC610090A169 /* options.cpp in Sources */ = {isa = PBXBuildFile; fileRef = 4645C5BC2B60EC610090A169 /* options.cpp */; };
		4645C5BF2B60ECB30090A169 /* score_word.cpp in Sources */ = {isa = PBXBuildFile; fileRef = 4645C5BE2B60ECB30090A169 /* score_word.cpp */; };
		4645C5C12B60ECE40090A169 /* util.cpp in Sources */ = {isa = PBXBuildFile; fileRef = 4645C5C02B60ECE40090A169 /* util.cpp */; };
		46AAF0FC2B62343B003903E9 /* dictionary.txt in CopyFiles */ = {isa = PBXBuildFile; fileRef = 46AAF0FB2B62343B003903E9 /* dictionary.txt */; };
/* End PBXBuildFile section */

/* Begin PBXCopyFilesBuildPhase section */
		4645C5A62B60E75B0090A169 /* CopyFiles */ = {
			isa = PBXCopyFilesBuildPhase;
			buildActionMask = 12;
			dstPath = "";
			dstSubfolderSpec = 16;
			files = (
				46AAF0FC2B62343B003903E9 /* dictionary.txt in CopyFiles */,
			);
			runOnlyForDeploymentPostprocessing = 0;
		};
/* End PBXCopyFilesBuildPhase section */

/* Begin PBXFileReference section */
		4645C5A82B60E75B0090A169 /* wwf4 */ = {isa = PBXFileReference; explicitFileType = "compiled.mach-o.executable"; includeInIndex = 0; path = wwf4; sourceTree = BUILT_PRODUCTS_DIR; };
		4645C5AB2B60E75B0090A169 /* main.cpp */ = {isa = PBXFileReference; lastKnownFileType = sourcecode.cpp.cpp; path = main.cpp; sourceTree = "<group>"; };
		4645C5B52B60E9430090A169 /* create_permutations.hpp */ = {isa = PBXFileReference; lastKnownFileType = sourcecode.cpp.h; path = create_permutations.hpp; sourceTree = "<group>"; };
		4645C5B62B60E9AA0090A169 /* options.hpp */ = {isa = PBXFileReference; lastKnownFileType = sourcecode.cpp.h; path = options.hpp; sourceTree = "<group>"; };
		4645C5B72B60EA090090A169 /* create_permutations.cpp */ = {isa = PBXFileReference; lastKnownFileType = sourcecode.cpp.cpp; path = create_permutations.cpp; sourceTree = "<group>"; };
		4645C5B92B60EB8D0090A169 /* util.hpp */ = {isa = PBXFileReference; lastKnownFileType = sourcecode.cpp.h; path = util.hpp; sourceTree = "<group>"; };
		4645C5BA2B60EC220090A169 /* LetterScores.cpp */ = {isa = PBXFileReference; lastKnownFileType = sourcecode.cpp.cpp; path = LetterScores.cpp; sourceTree = "<group>"; };
		4645C5BC2B60EC610090A169 /* options.cpp */ = {isa = PBXFileReference; lastKnownFileType = sourcecode.cpp.cpp; path = options.cpp; sourceTree = "<group>"; };
		4645C5BE2B60ECB30090A169 /* score_word.cpp */ = {isa = PBXFileReference; lastKnownFileType = sourcecode.cpp.cpp; path = score_word.cpp; sourceTree = "<group>"; };
		4645C5C02B60ECE40090A169 /* util.cpp */ = {isa = PBXFileReference; lastKnownFileType = sourcecode.cpp.cpp; path = util.cpp; sourceTree = "<group>"; };
		46AAF0FB2B62343B003903E9 /* dictionary.txt */ = {isa = PBXFileReference; lastKnownFileType = text; name = dictionary.txt; path = wwf2/include/dictionary.txt; sourceTree = "<group>"; };
		46B722CC2B6117C6008F4A62 /* Makefile */ = {isa = PBXFileReference; lastKnownFileType = sourcecode.make; path = Makefile; sourceTree = "<group>"; };
		46B722CD2B62138E008F4A62 /* dictionary.txt */ = {isa = PBXFileReference; lastKnownFileType = text; path = dictionary.txt; sourceTree = "<group>"; };
/* End PBXFileReference section */

/* Begin PBXFrameworksBuildPhase section */
		4645C5A52B60E75B0090A169 /* Frameworks */ = {
			isa = PBXFrameworksBuildPhase;
			buildActionMask = 2147483647;
			files = (
			);
			runOnlyForDeploymentPostprocessing = 0;
		};
/* End PBXFrameworksBuildPhase section */

/* Begin PBXGroup section */
		4645C59F2B60E75B0090A169 = {
			isa = PBXGroup;
			children = (
				4645C5A92B60E75B0090A169 /* Products */,
				46AAF0FB2B62343B003903E9 /* dictionary.txt */,
				4645C5AA2B60E75B0090A169 /* wwf2 */,
			);
			sourceTree = "<group>";
		};
		4645C5A92B60E75B0090A169 /* Products */ = {
			isa = PBXGroup;
			children = (
				4645C5A82B60E75B0090A169 /* wwf4 */,
			);
			name = Products;
			sourceTree = "<group>";
		};
		4645C5AA2B60E75B0090A169 /* wwf2 */ = {
			isa = PBXGroup;
			children = (
				4645C5B42B60E78E0090A169 /* src */,
				4645C5B32B60E77C0090A169 /* include */,
				4645C5B22B60E76B0090A169 /* bin */,
				46B722CC2B6117C6008F4A62 /* Makefile */,
			);
			path = wwf2;
			sourceTree = "<group>";
		};
		4645C5B22B60E76B0090A169 /* bin */ = {
			isa = PBXGroup;
			children = (
			);
			path = bin;
			sourceTree = "<group>";
		};
		4645C5B32B60E77C0090A169 /* include */ = {
			isa = PBXGroup;
			children = (
				4645C5B52B60E9430090A169 /* create_permutations.hpp */,
				4645C5B62B60E9AA0090A169 /* options.hpp */,
				4645C5B92B60EB8D0090A169 /* util.hpp */,
				46B722CD2B62138E008F4A62 /* dictionary.txt */,
			);
			path = include;
			sourceTree = "<group>";
		};
		4645C5B42B60E78E0090A169 /* src */ = {
			isa = PBXGroup;
			children = (
				4645C5AB2B60E75B0090A169 /* main.cpp */,
				4645C5B72B60EA090090A169 /* create_permutations.cpp */,
				4645C5BA2B60EC220090A169 /* LetterScores.cpp */,
				4645C5BC2B60EC610090A169 /* options.cpp */,
				4645C5BE2B60ECB30090A169 /* score_word.cpp */,
				4645C5C02B60ECE40090A169 /* util.cpp */,
			);
			path = src;
			sourceTree = "<group>";
		};
/* End PBXGroup section */

/* Begin PBXNativeTarget section */
		4645C5A72B60E75B0090A169 /* wwf4 */ = {
			isa = PBXNativeTarget;
			buildConfigurationList = 4645C5AF2B60E75B0090A169 /* Build configuration list for PBXNativeTarget "wwf4" */;
			buildPhases = (
				4645C5A42B60E75B0090A169 /* Sources */,
				4645C5A52B60E75B0090A169 /* Frameworks */,
				4645C5A62B60E75B0090A169 /* CopyFiles */,
			);
			buildRules = (
			);
			dependencies = (
			);
			name = wwf4;
			productName = wwf4;
			productReference = 4645C5A82B60E75B0090A169 /* wwf4 */;
			productType = "com.apple.product-type.tool";
		};
/* End PBXNativeTarget section */

/* Begin PBXProject section */
		4645C5A02B60E75B0090A169 /* Project object */ = {
			isa = PBXProject;
			attributes = {
				BuildIndependentTargetsInParallel = 1;
				LastUpgradeCheck = 1520;
				TargetAttributes = {
					4645C5A72B60E75B0090A169 = {
						CreatedOnToolsVersion = 15.2;
					};
				};
			};
			buildConfigurationList = 4645C5A32B60E75B0090A169 /* Build configuration list for PBXProject "wwf4" */;
			compatibilityVersion = "Xcode 14.0";
			developmentRegion = en;
			hasScannedForEncodings = 0;
			knownRegions = (
				en,
				Base,
			);
			mainGroup = 4645C59F2B60E75B0090A169;
			productRefGroup = 4645C5A92B60E75B0090A169 /* Products */;
			projectDirPath = "";
			projectRoot = "";
			targets = (
				4645C5A72B60E75B0090A169 /* wwf4 */,
			);
		};
/* End PBXProject section */

/* Begin PBXSourcesBuildPhase section */
		4645C5A42B60E75B0090A169 /* Sources */ = {
			isa = PBXSourcesBuildPhase;
			buildActionMask = 2147483647;
			files = (
				4645C5BD2B60EC610090A169 /* options.cpp in Sources */,
				4645C5BF2B60ECB30090A169 /* score_word.cpp in Sources */,
				4645C5BB2B60EC220090A169 /* LetterScores.cpp in Sources */,
				4645C5B82B60EA090090A169 /* create_permutations.cpp in Sources */,
				4645C5AC2B60E75B0090A169 /* main.cpp in Sources */,
				4645C5C12B60ECE40090A169 /* util.cpp in Sources */,
			);
			runOnlyForDeploymentPostprocessing = 0;
		};
/* End PBXSourcesBuildPhase section */

/* Begin XCBuildConfiguration section */
		4645C5AD2B60E75B0090A169 /* Debug */ = {
			isa = XCBuildConfiguration;
			buildSettings = {
				ALWAYS_SEARCH_USER_PATHS = NO;
				ASSETCATALOG_COMPILER_GENERATE_SWIFT_ASSET_SYMBOL_EXTENSIONS = YES;
				CLANG_ANALYZER_NONNULL = YES;
				CLANG_ANALYZER_NUMBER_OBJECT_CONVERSION = YES_AGGRESSIVE;
				CLANG_CXX_LANGUAGE_STANDARD = "gnu++20";
				CLANG_ENABLE_MODULES = YES;
				CLANG_ENABLE_OBJC_ARC = YES;
				CLANG_ENABLE_OBJC_WEAK = YES;
				CLANG_WARN_BLOCK_CAPTURE_AUTORELEASING = YES;
				CLANG_WARN_BOOL_CONVERSION = YES;
				CLANG_WARN_COMMA = YES;
				CLANG_WARN_CONSTANT_CONVERSION = YES;
				CLANG_WARN_DEPRECATED_OBJC_IMPLEMENTATIONS = YES;
				CLANG_WARN_DIRECT_OBJC_ISA_USAGE = YES_ERROR;
				CLANG_WARN_DOCUMENTATION_COMMENTS = YES;
				CLANG_WARN_EMPTY_BODY = YES;
				CLANG_WARN_ENUM_CONVERSION = YES;
				CLANG_WARN_INFINITE_RECURSION = YES;
				CLANG_WARN_INT_CONVERSION = YES;
				CLANG_WARN_NON_LITERAL_NULL_CONVERSION = YES;
				CLANG_WARN_OBJC_IMPLICIT_RETAIN_SELF = YES;
				CLANG_WARN_OBJC_LITERAL_CONVERSION = YES;
				CLANG_WARN_OBJC_ROOT_CLASS = YES_ERROR;
				CLANG_WARN_QUOTED_INCLUDE_IN_FRAMEWORK_HEADER = YES;
				CLANG_WARN_RANGE_LOOP_ANALYSIS = YES;
				CLANG_WARN_STRICT_PROTOTYPES = YES;
				CLANG_WARN_SUSPICIOUS_MOVE = YES;
				CLANG_WARN_UNGUARDED_AVAILABILITY = YES_AGGRESSIVE;
				CLANG_WARN_UNREACHABLE_CODE = YES;
				CLANG_WARN__DUPLICATE_METHOD_MATCH = YES;
				COPY_PHASE_STRIP = NO;
				DEBUG_INFORMATION_FORMAT = dwarf;
				ENABLE_STRICT_OBJC_MSGSEND = YES;
				ENABLE_TESTABILITY = YES;
				ENABLE_USER_SCRIPT_SANDBOXING = YES;
				GCC_C_LANGUAGE_STANDARD = gnu17;
				GCC_DYNAMIC_NO_PIC = NO;
				GCC_NO_COMMON_BLOCKS = YES;
				GCC_OPTIMIZATION_LEVEL = 0;
				GCC_PREPROCESSOR_DEFINITIONS = (
					"DEBUG=1",
					"$(inherited)",
				);
				GCC_WARN_64_TO_32_BIT_CONVERSION = YES;
				GCC_WARN_ABOUT_RETURN_TYPE = YES_ERROR;
				GCC_WARN_UNDECLARED_SELECTOR = YES;
				GCC_WARN_UNINITIALIZED_AUTOS = YES_AGGRESSIVE;
				GCC_WARN_UNUSED_FUNCTION = YES;
				GCC_WARN_UNUSED_VARIABLE = YES;
				LOCALIZATION_PREFERS_STRING_CATALOGS = YES;
				MACOSX_DEPLOYMENT_TARGET = 14.2;
				MTL_ENABLE_DEBUG_INFO = INCLUDE_SOURCE;
				MTL_FAST_MATH = YES;
				ONLY_ACTIVE_ARCH = YES;
				SDKROOT = macosx;
			};
			name = Debug;
		};
		4645C5AE2B60E75B0090A169 /* Release */ = {
			isa = XCBuildConfiguration;
			buildSettings = {
				ALWAYS_SEARCH_USER_PATHS = NO;
				ASSETCATALOG_COMPILER_GENERATE_SWIFT_ASSET_SYMBOL_EXTENSIONS = YES;
				CLANG_ANALYZER_NONNULL = YES;
				CLANG_ANALYZER_NUMBER_OBJECT_CONVERSION = YES_AGGRESSIVE;
				CLANG_CXX_LANGUAGE_STANDARD = "gnu++20";
				CLANG_ENABLE_MODULES = YES;
				CLANG_ENABLE_OBJC_ARC = YES;
				CLANG_ENABLE_OBJC_WEAK = YES;
				CLANG_WARN_BLOCK_CAPTURE_AUTORELEASING = YES;
				CLANG_WARN_BOOL_CONVERSION = YES;
				CLANG_WARN_COMMA = YES;
				CLANG_WARN_CONSTANT_CONVERSION = YES;
				CLANG_WARN_DEPRECATED_OBJC_IMPLEMENTATIONS = YES;
				CLANG_WARN_DIRECT_OBJC_ISA_USAGE = YES_ERROR;
				CLANG_WARN_DOCUMENTATION_COMMENTS = YES;
				CLANG_WARN_EMPTY_BODY = YES;
				CLANG_WARN_ENUM_CONVERSION = YES;
				CLANG_WARN_INFINITE_RECURSION = YES;
				CLANG_WARN_INT_CONVERSION = YES;
				CLANG_WARN_NON_LITERAL_NULL_CONVERSION = YES;
				CLANG_WARN_OBJC_IMPLICIT_RETAIN_SELF = YES;
				CLANG_WARN_OBJC_LITERAL_CONVERSION = YES;
				CLANG_WARN_OBJC_ROOT_CLASS = YES_ERROR;
				CLANG_WARN_QUOTED_INCLUDE_IN_FRAMEWORK_HEADER = YES;
				CLANG_WARN_RANGE_LOOP_ANALYSIS = YES;
				CLANG_WARN_STRICT_PROTOTYPES = YES;
				CLANG_WARN_SUSPICIOUS_MOVE = YES;
				CLANG_WARN_UNGUARDED_AVAILABILITY = YES_AGGRESSIVE;
				CLANG_WARN_UNREACHABLE_CODE = YES;
				CLANG_WARN__DUPLICATE_METHOD_MATCH = YES;
				COPY_PHASE_STRIP = NO;
				DEBUG_INFORMATION_FORMAT = "dwarf-with-dsym";
				ENABLE_NS_ASSERTIONS = NO;
				ENABLE_STRICT_OBJC_MSGSEND = YES;
				ENABLE_USER_SCRIPT_SANDBOXING = YES;
				GCC_C_LANGUAGE_STANDARD = gnu17;
				GCC_NO_COMMON_BLOCKS = YES;
				GCC_WARN_64_TO_32_BIT_CONVERSION = YES;
				GCC_WARN_ABOUT_RETURN_TYPE = YES_ERROR;
				GCC_WARN_UNDECLARED_SELECTOR = YES;
				GCC_WARN_UNINITIALIZED_AUTOS = YES_AGGRESSIVE;
				GCC_WARN_UNUSED_FUNCTION = YES;
				GCC_WARN_UNUSED_VARIABLE = YES;
				LOCALIZATION_PREFERS_STRING_CATALOGS = YES;
				MACOSX_DEPLOYMENT_TARGET = 14.2;
				MTL_ENABLE_DEBUG_INFO = NO;
				MTL_FAST_MATH = YES;
				SDKROOT = macosx;
			};
			name = Release;
		};
		4645C5B02B60E75B0090A169 /* Debug */ = {
			isa = XCBuildConfiguration;
			buildSettings = {
				CODE_SIGN_STYLE = Automatic;
				DEVELOPMENT_TEAM = 95633C84RD;
				ENABLE_HARDENED_RUNTIME = YES;
				HEADER_SEARCH_PATHS = "$(PROJECT_DIR)/include";
				INSTALL_PATH = "$(PROJECT_DIR)/bin";
				PRODUCT_NAME = "$(TARGET_NAME)";
			};
			name = Debug;
		};
		4645C5B12B60E75B0090A169 /* Release */ = {
			isa = XCBuildConfiguration;
			buildSettings = {
				CODE_SIGN_STYLE = Automatic;
				DEVELOPMENT_TEAM = 95633C84RD;
				ENABLE_HARDENED_RUNTIME = YES;
				HEADER_SEARCH_PATHS = "$(PROJECT_DIR)/include";
				INSTALL_PATH = "$(PROJECT_DIR)/bin";
				ONLY_ACTIVE_ARCH = YES;
				PRODUCT_NAME = "$(TARGET_NAME)";
			};
			name = Release;
		};
/* End XCBuildConfiguration section */

/* Begin XCConfigurationList section */
		4645C5A32B60E75B0090A169 /* Build configuration list for PBXProject "wwf4" */ = {
			isa = XCConfigurationList;
			buildConfigurations = (
				4645C5AD2B60E75B0090A169 /* Debug */,
				4645C5AE2B60E75B0090A169 /* Release */,
			);
			defaultConfigurationIsVisible = 0;
			defaultConfigurationName = Release;
		};
		4645C5AF2B60E75B0090A169 /* Build configuration list for PBXNativeTarget "wwf4" */ = {
			isa = XCConfigurationList;
			buildConfigurations = (
				4645C5B02B60E75B0090A169 /* Debug */,
				4645C5B12B60E75B0090A169 /* Release */,
			);
			defaultConfigurationIsVisible = 0;
			defaultConfigurationName = Release;
		};
/* End XCConfigurationList section */
	};
	rootObject = 4645C5A02B60E75B0090A169 /* Project object */;
}
